
Microsoft Visual Studio Solution File, Format Version 12.00
# Visual Studio 14
VisualStudioVersion = 14.0.25420.1
MinimumVisualStudioVersion = 10.0.40219.1
Project("{2150E333-8FDC-42A3-9474-1A3956D46DE8}") = "1 - Presentation", "1 - Presentation", "{051087AF-0496-4BCE-B483-BD3A8731EF7F}"
EndProject
Project("{2150E333-8FDC-42A3-9474-1A3956D46DE8}") = "1.1 - Angular", "1.1 - Angular", "{DACEB0DF-7957-4375-A554-26556779AF24}"
EndProject
Project("{FAE04EC0-301F-11D3-BF4B-00C04F79EFBC}") = "AA.MarcielLocucoes.Presentation.App", "AA.MarcielLocucoes.Presentation.App\AA.MarcielLocucoes.Presentation.App.csproj", "{5C4538E4-BB27-4CA8-8A2E-BC3B610C10AD}"
EndProject
Project("{2150E333-8FDC-42A3-9474-1A3956D46DE8}") = "1.2 - API", "1.2 - API", "{9471CA06-02D8-442B-877B-8F7A0D30482E}"
EndProject
Project("{FAE04EC0-301F-11D3-BF4B-00C04F79EFBC}") = "AA.MarcielLocucoes.Presentation.Api", "AA.MarcielLocucoes.Presentation.Api\AA.MarcielLocucoes.Presentation.Api.csproj", "{F1702C48-7D59-4965-A68A-5C1F872D7FB2}"
EndProject
Project("{2150E333-8FDC-42A3-9474-1A3956D46DE8}") = "1.3 - API", "1.3 - API", "{95ED45B3-186A-4F3A-BB4A-CDFD5D0587C6}"
EndProject
Project("{FAE04EC0-301F-11D3-BF4B-00C04F79EFBC}") = "AA.MarcielLocucoes.Presentation.ApiV2", "AA.MarcielLocucoes.Presentation.ApiV2\AA.MarcielLocucoes.Presentation.ApiV2.csproj", "{C6900C40-4EDA-4462-9D08-573E861B6FBB}"
EndProject
Global
	GlobalSection(SolutionConfigurationPlatforms) = preSolution
		Debug|Any CPU = Debug|Any CPU
		Release|Any CPU = Release|Any CPU
	EndGlobalSection
	GlobalSection(ProjectConfigurationPlatforms) = postSolution
		{5C4538E4-BB27-4CA8-8A2E-BC3B610C10AD}.Debug|Any CPU.ActiveCfg = Debug|Any CPU
		{5C4538E4-BB27-4CA8-8A2E-BC3B610C10AD}.Debug|Any CPU.Build.0 = Debug|Any CPU
		{5C4538E4-BB27-4CA8-8A2E-BC3B610C10AD}.Release|Any CPU.ActiveCfg = Release|Any CPU
		{5C4538E4-BB27-4CA8-8A2E-BC3B610C10AD}.Release|Any CPU.Build.0 = Release|Any CPU
		{F1702C48-7D59-4965-A68A-5C1F872D7FB2}.Debug|Any CPU.ActiveCfg = Debug|Any CPU
		{F1702C48-7D59-4965-A68A-5C1F872D7FB2}.Debug|Any CPU.Build.0 = Debug|Any CPU
		{F1702C48-7D59-4965-A68A-5C1F872D7FB2}.Release|Any CPU.ActiveCfg = Release|Any CPU
		{F1702C48-7D59-4965-A68A-5C1F872D7FB2}.Release|Any CPU.Build.0 = Release|Any CPU
		{C6900C40-4EDA-4462-9D08-573E861B6FBB}.Debug|Any CPU.ActiveCfg = Debug|Any CPU
		{C6900C40-4EDA-4462-9D08-573E861B6FBB}.Debug|Any CPU.Build.0 = Debug|Any CPU
		{C6900C40-4EDA-4462-9D08-573E861B6FBB}.Release|Any CPU.ActiveCfg = Release|Any CPU
		{C6900C40-4EDA-4462-9D08-573E861B6FBB}.Release|Any CPU.Build.0 = Release|Any CPU
	EndGlobalSection
	GlobalSection(SolutionProperties) = preSolution
		HideSolutionNode = FALSE
	EndGlobalSection
	GlobalSection(NestedProjects) = preSolution
		{DACEB0DF-7957-4375-A554-26556779AF24} = {051087AF-0496-4BCE-B483-BD3A8731EF7F}
		{5C4538E4-BB27-4CA8-8A2E-BC3B610C10AD} = {DACEB0DF-7957-4375-A554-26556779AF24}
		{9471CA06-02D8-442B-877B-8F7A0D30482E} = {051087AF-0496-4BCE-B483-BD3A8731EF7F}
		{F1702C48-7D59-4965-A68A-5C1F872D7FB2} = {9471CA06-02D8-442B-877B-8F7A0D30482E}
		{95ED45B3-186A-4F3A-BB4A-CDFD5D0587C6} = {051087AF-0496-4BCE-B483-BD3A8731EF7F}
		{C6900C40-4EDA-4462-9D08-573E861B6FBB} = {95ED45B3-186A-4F3A-BB4A-CDFD5D0587C6}
	EndGlobalSection
EndGlobal
